// !$*UTF8*$!
{
	archiveVersion = 1;
	classes = {
	};
	objectVersion = 77;
	objects = {

/* Begin PBXContainerItemProxy section */
		28FE57B22CBA2CE6003BE029 /* PBXContainerItemProxy */ = {
			isa = PBXContainerItemProxy;
			containerPortal = 28FE57992CBA2CE5003BE029 /* Project object */;
			proxyType = 1;
			remoteGlobalIDString = 28FE57A02CBA2CE5003BE029;
			remoteInfo = CaffeineDduk;
		};
		28FE57BC2CBA2CE6003BE029 /* PBXContainerItemProxy */ = {
			isa = PBXContainerItemProxy;
			containerPortal = 28FE57992CBA2CE5003BE029 /* Project object */;
			proxyType = 1;
			remoteGlobalIDString = 28FE57A02CBA2CE5003BE029;
			remoteInfo = CaffeineDduk;
		};
/* End PBXContainerItemProxy section */

/* Begin PBXFileReference section */
		28FE57A12CBA2CE5003BE029 /* CaffeineDduk.app */ = {isa = PBXFileReference; explicitFileType = wrapper.application; includeInIndex = 0; path = CaffeineDduk.app; sourceTree = BUILT_PRODUCTS_DIR; };
		28FE57B12CBA2CE6003BE029 /* CaffeineDdukTests.xctest */ = {isa = PBXFileReference; explicitFileType = wrapper.cfbundle; includeInIndex = 0; path = CaffeineDdukTests.xctest; sourceTree = BUILT_PRODUCTS_DIR; };
		28FE57BB2CBA2CE6003BE029 /* CaffeineDdukUITests.xctest */ = {isa = PBXFileReference; explicitFileType = wrapper.cfbundle; includeInIndex = 0; path = CaffeineDdukUITests.xctest; sourceTree = BUILT_PRODUCTS_DIR; };
/* End PBXFileReference section */

/* Begin PBXFileSystemSynchronizedBuildFileExceptionSet section */
		28757BD82CBD124A00BC086A /* Exceptions for "CaffeineDdukTests" folder in "CaffeineDdukTests" target */ = {
			isa = PBXFileSystemSynchronizedBuildFileExceptionSet;
			membershipExceptions = (
				CaffeineDdukUITestsLaunchTests.swift,
			);
			target = 28FE57B02CBA2CE6003BE029 /* CaffeineDdukTests */;
		};
		28757BD92CBD124A00BC086A /* Exceptions for "CaffeineDdukTests" folder in "CaffeineDdukUITests" target */ = {
			isa = PBXFileSystemSynchronizedBuildFileExceptionSet;
			membershipExceptions = (
				CaffeineDdukUITestsLaunchTests.swift,
			);
			target = 28FE57BA2CBA2CE6003BE029 /* CaffeineDdukUITests */;
		};
/* End PBXFileSystemSynchronizedBuildFileExceptionSet section */

/* Begin PBXFileSystemSynchronizedRootGroup section */
		28FE57A32CBA2CE5003BE029 /* CaffeineDduk */ = {
			isa = PBXFileSystemSynchronizedRootGroup;
			path = CaffeineDduk;
			sourceTree = "<group>";
		};
		28FE57B42CBA2CE6003BE029 /* CaffeineDdukTests */ = {
			isa = PBXFileSystemSynchronizedRootGroup;
			exceptions = (
				28757BD82CBD124A00BC086A /* Exceptions for "CaffeineDdukTests" folder in "CaffeineDdukTests" target */,
				28757BD92CBD124A00BC086A /* Exceptions for "CaffeineDdukTests" folder in "CaffeineDdukUITests" target */,
			);
			path = CaffeineDdukTests;
			sourceTree = "<group>";
		};
		28FE57BE2CBA2CE6003BE029 /* CaffeineDdukUITests */ = {
			isa = PBXFileSystemSynchronizedRootGroup;
			path = CaffeineDdukUITests;
			sourceTree = "<group>";
		};
/* End PBXFileSystemSynchronizedRootGroup section */

/* Begin PBXFrameworksBuildPhase section */
		28FE579E2CBA2CE5003BE029 /* Frameworks */ = {
			isa = PBXFrameworksBuildPhase;
			buildActionMask = 2147483647;
			files = (
			);
			runOnlyForDeploymentPostprocessing = 0;
		};
		28FE57AE2CBA2CE6003BE029 /* Frameworks */ = {
			isa = PBXFrameworksBuildPhase;
			buildActionMask = 2147483647;
			files = (
			);
			runOnlyForDeploymentPostprocessing = 0;
		};
		28FE57B82CBA2CE6003BE029 /* Frameworks */ = {
			isa = PBXFrameworksBuildPhase;
			buildActionMask = 2147483647;
			files = (
			);
			runOnlyForDeploymentPostprocessing = 0;
		};
/* End PBXFrameworksBuildPhase section */

/* Begin PBXGroup section */
		28FE57982CBA2CE5003BE029 = {
			isa = PBXGroup;
			children = (
				28FE57A32CBA2CE5003BE029 /* CaffeineDduk */,
				28FE57B42CBA2CE6003BE029 /* CaffeineDdukTests */,
				28FE57BE2CBA2CE6003BE029 /* CaffeineDdukUITests */,
				28FE57A22CBA2CE5003BE029 /* Products */,
			);
			sourceTree = "<group>";
		};
		28FE57A22CBA2CE5003BE029 /* Products */ = {
			isa = PBXGroup;
			children = (
				28FE57A12CBA2CE5003BE029 /* CaffeineDduk.app */,
				28FE57B12CBA2CE6003BE029 /* CaffeineDdukTests.xctest */,
				28FE57BB2CBA2CE6003BE029 /* CaffeineDdukUITests.xctest */,
			);
			name = Products;
			sourceTree = "<group>";
		};
/* End PBXGroup section */

/* Begin PBXNativeTarget section */
		28FE57A02CBA2CE5003BE029 /* CaffeineDduk */ = {
			isa = PBXNativeTarget;
			buildConfigurationList = 28FE57C52CBA2CE6003BE029 /* Build configuration list for PBXNativeTarget "CaffeineDduk" */;
			buildPhases = (
				28FE579D2CBA2CE5003BE029 /* Sources */,
				28FE579E2CBA2CE5003BE029 /* Frameworks */,
				28FE579F2CBA2CE5003BE029 /* Resources */,
			);
			buildRules = (
			);
			dependencies = (
			);
			fileSystemSynchronizedGroups = (
				28FE57A32CBA2CE5003BE029 /* CaffeineDduk */,
			);
			name = CaffeineDduk;
			packageProductDependencies = (
			);
			productName = CaffeineDduk;
			productReference = 28FE57A12CBA2CE5003BE029 /* CaffeineDduk.app */;
			productType = "com.apple.product-type.application";
		};
		28FE57B02CBA2CE6003BE029 /* CaffeineDdukTests */ = {
			isa = PBXNativeTarget;
			buildConfigurationList = 28FE57C82CBA2CE6003BE029 /* Build configuration list for PBXNativeTarget "CaffeineDdukTests" */;
			buildPhases = (
				28FE57AD2CBA2CE6003BE029 /* Sources */,
				28FE57AE2CBA2CE6003BE029 /* Frameworks */,
				28FE57AF2CBA2CE6003BE029 /* Resources */,
			);
			buildRules = (
			);
			dependencies = (
				28FE57B32CBA2CE6003BE029 /* PBXTargetDependency */,
			);
			fileSystemSynchronizedGroups = (
				28FE57B42CBA2CE6003BE029 /* CaffeineDdukTests */,
			);
			name = CaffeineDdukTests;
			packageProductDependencies = (
			);
			productName = CaffeineDdukTests;
			productReference = 28FE57B12CBA2CE6003BE029 /* CaffeineDdukTests.xctest */;
			productType = "com.apple.product-type.bundle.unit-test";
		};
		28FE57BA2CBA2CE6003BE029 /* CaffeineDdukUITests */ = {
			isa = PBXNativeTarget;
			buildConfigurationList = 28FE57CB2CBA2CE6003BE029 /* Build configuration list for PBXNativeTarget "CaffeineDdukUITests" */;
			buildPhases = (
				28FE57B72CBA2CE6003BE029 /* Sources */,
				28FE57B82CBA2CE6003BE029 /* Frameworks */,
				28FE57B92CBA2CE6003BE029 /* Resources */,
			);
			buildRules = (
			);
			dependencies = (
				28FE57BD2CBA2CE6003BE029 /* PBXTargetDependency */,
			);
			fileSystemSynchronizedGroups = (
				28FE57BE2CBA2CE6003BE029 /* CaffeineDdukUITests */,
			);
			name = CaffeineDdukUITests;
			packageProductDependencies = (
			);
			productName = CaffeineDdukUITests;
			productReference = 28FE57BB2CBA2CE6003BE029 /* CaffeineDdukUITests.xctest */;
			productType = "com.apple.product-type.bundle.ui-testing";
		};
/* End PBXNativeTarget section */

/* Begin PBXProject section */
		28FE57992CBA2CE5003BE029 /* Project object */ = {
			isa = PBXProject;
			attributes = {
				BuildIndependentTargetsInParallel = 1;
				LastSwiftUpdateCheck = 1600;
				LastUpgradeCheck = 1600;
				TargetAttributes = {
					28FE57A02CBA2CE5003BE029 = {
						CreatedOnToolsVersion = 16.0;
					};
					28FE57B02CBA2CE6003BE029 = {
						CreatedOnToolsVersion = 16.0;
						TestTargetID = 28FE57A02CBA2CE5003BE029;
					};
					28FE57BA2CBA2CE6003BE029 = {
						CreatedOnToolsVersion = 16.0;
						TestTargetID = 28FE57A02CBA2CE5003BE029;
					};
				};
			};
			buildConfigurationList = 28FE579C2CBA2CE5003BE029 /* Build configuration list for PBXProject "CaffeineDduk" */;
			developmentRegion = en;
			hasScannedForEncodings = 0;
			knownRegions = (
				en,
				Base,
			);
			mainGroup = 28FE57982CBA2CE5003BE029;
			minimizedProjectReferenceProxies = 1;
			preferredProjectObjectVersion = 77;
			productRefGroup = 28FE57A22CBA2CE5003BE029 /* Products */;
			projectDirPath = "";
			projectRoot = "";
			targets = (
				28FE57A02CBA2CE5003BE029 /* CaffeineDduk */,
				28FE57B02CBA2CE6003BE029 /* CaffeineDdukTests */,
				28FE57BA2CBA2CE6003BE029 /* CaffeineDdukUITests */,
			);
		};
/* End PBXProject section */

/* Begin PBXResourcesBuildPhase section */
		28FE579F2CBA2CE5003BE029 /* Resources */ = {
			isa = PBXResourcesBuildPhase;
			buildActionMask = 2147483647;
			files = (
			);
			runOnlyForDeploymentPostprocessing = 0;
		};
		28FE57AF2CBA2CE6003BE029 /* Resources */ = {
			isa = PBXResourcesBuildPhase;
			buildActionMask = 2147483647;
			files = (
			);
			runOnlyForDeploymentPostprocessing = 0;
		};
		28FE57B92CBA2CE6003BE029 /* Resources */ = {
			isa = PBXResourcesBuildPhase;
			buildActionMask = 2147483647;
			files = (
			);
			runOnlyForDeploymentPostprocessing = 0;
		};
/* End PBXResourcesBuildPhase section */

/* Begin PBXSourcesBuildPhase section */
		28FE579D2CBA2CE5003BE029 /* Sources */ = {
			isa = PBXSourcesBuildPhase;
			buildActionMask = 2147483647;
			files = (
			);
			runOnlyForDeploymentPostprocessing = 0;
		};
		28FE57AD2CBA2CE6003BE029 /* Sources */ = {
			isa = PBXSourcesBuildPhase;
			buildActionMask = 2147483647;
			files = (
			);
			runOnlyForDeploymentPostprocessing = 0;
		};
		28FE57B72CBA2CE6003BE029 /* Sources */ = {
			isa = PBXSourcesBuildPhase;
			buildActionMask = 2147483647;
			files = (
			);
			runOnlyForDeploymentPostprocessing = 0;
		};
/* End PBXSourcesBuildPhase section */

/* Begin PBXTargetDependency section */
		28FE57B32CBA2CE6003BE029 /* PBXTargetDependency */ = {
			isa = PBXTargetDependency;
			target = 28FE57A02CBA2CE5003BE029 /* CaffeineDduk */;
			targetProxy = 28FE57B22CBA2CE6003BE029 /* PBXContainerItemProxy */;
		};
		28FE57BD2CBA2CE6003BE029 /* PBXTargetDependency */ = {
			isa = PBXTargetDependency;
			target = 28FE57A02CBA2CE5003BE029 /* CaffeineDduk */;
			targetProxy = 28FE57BC2CBA2CE6003BE029 /* PBXContainerItemProxy */;
		};
/* End PBXTargetDependency section */

/* Begin XCBuildConfiguration section */
		28FE57C32CBA2CE6003BE029 /* Debug */ = {
			isa = XCBuildConfiguration;
			buildSettings = {
				ALWAYS_SEARCH_USER_PATHS = NO;
				ASSETCATALOG_COMPILER_GENERATE_SWIFT_ASSET_SYMBOL_EXTENSIONS = YES;
				CLANG_ANALYZER_NONNULL = YES;
				CLANG_ANALYZER_NUMBER_OBJECT_CONVERSION = YES_AGGRESSIVE;
				CLANG_CXX_LANGUAGE_STANDARD = "gnu++20";
				CLANG_ENABLE_MODULES = YES;
				CLANG_ENABLE_OBJC_ARC = YES;
				CLANG_ENABLE_OBJC_WEAK = YES;
				CLANG_WARN_BLOCK_CAPTURE_AUTORELEASING = YES;
				CLANG_WARN_BOOL_CONVERSION = YES;
				CLANG_WARN_COMMA = YES;
				CLANG_WARN_CONSTANT_CONVERSION = YES;
				CLANG_WARN_DEPRECATED_OBJC_IMPLEMENTATIONS = YES;
				CLANG_WARN_DIRECT_OBJC_ISA_USAGE = YES_ERROR;
				CLANG_WARN_DOCUMENTATION_COMMENTS = YES;
				CLANG_WARN_EMPTY_BODY = YES;
				CLANG_WARN_ENUM_CONVERSION = YES;
				CLANG_WARN_INFINITE_RECURSION = YES;
				CLANG_WARN_INT_CONVERSION = YES;
				CLANG_WARN_NON_LITERAL_NULL_CONVERSION = YES;
				CLANG_WARN_OBJC_IMPLICIT_RETAIN_SELF = YES;
				CLANG_WARN_OBJC_LITERAL_CONVERSION = YES;
				CLANG_WARN_OBJC_ROOT_CLASS = YES_ERROR;
				CLANG_WARN_QUOTED_INCLUDE_IN_FRAMEWORK_HEADER = YES;
				CLANG_WARN_RANGE_LOOP_ANALYSIS = YES;
				CLANG_WARN_STRICT_PROTOTYPES = YES;
				CLANG_WARN_SUSPICIOUS_MOVE = YES;
				CLANG_WARN_UNGUARDED_AVAILABILITY = YES_AGGRESSIVE;
				CLANG_WARN_UNREACHABLE_CODE = YES;
				CLANG_WARN__DUPLICATE_METHOD_MATCH = YES;
				COPY_PHASE_STRIP = NO;
				DEBUG_INFORMATION_FORMAT = dwarf;
				ENABLE_STRICT_OBJC_MSGSEND = YES;
				ENABLE_TESTABILITY = YES;
				ENABLE_USER_SCRIPT_SANDBOXING = YES;
				GCC_C_LANGUAGE_STANDARD = gnu17;
				GCC_DYNAMIC_NO_PIC = NO;
				GCC_NO_COMMON_BLOCKS = YES;
				GCC_OPTIMIZATION_LEVEL = 0;
				GCC_PREPROCESSOR_DEFINITIONS = (
					"DEBUG=1",
					"$(inherited)",
				);
				GCC_WARN_64_TO_32_BIT_CONVERSION = YES;
				GCC_WARN_ABOUT_RETURN_TYPE = YES_ERROR;
				GCC_WARN_UNDECLARED_SELECTOR = YES;
				GCC_WARN_UNINITIALIZED_AUTOS = YES_AGGRESSIVE;
				GCC_WARN_UNUSED_FUNCTION = YES;
				GCC_WARN_UNUSED_VARIABLE = YES;
				IPHONEOS_DEPLOYMENT_TARGET = 18.0;
				LOCALIZATION_PREFERS_STRING_CATALOGS = YES;
				MTL_ENABLE_DEBUG_INFO = INCLUDE_SOURCE;
				MTL_FAST_MATH = YES;
				ONLY_ACTIVE_ARCH = YES;
				SDKROOT = iphoneos;
				SWIFT_ACTIVE_COMPILATION_CONDITIONS = "DEBUG $(inherited)";
				SWIFT_OPTIMIZATION_LEVEL = "-Onone";
			};
			name = Debug;
		};
		28FE57C42CBA2CE6003BE029 /* Release */ = {
			isa = XCBuildConfiguration;
			buildSettings = {
				ALWAYS_SEARCH_USER_PATHS = NO;
				ASSETCATALOG_COMPILER_GENERATE_SWIFT_ASSET_SYMBOL_EXTENSIONS = YES;
				CLANG_ANALYZER_NONNULL = YES;
				CLANG_ANALYZER_NUMBER_OBJECT_CONVERSION = YES_AGGRESSIVE;
				CLANG_CXX_LANGUAGE_STANDARD = "gnu++20";
				CLANG_ENABLE_MODULES = YES;
				CLANG_ENABLE_OBJC_ARC = YES;
				CLANG_ENABLE_OBJC_WEAK = YES;
				CLANG_WARN_BLOCK_CAPTURE_AUTORELEASING = YES;
				CLANG_WARN_BOOL_CONVERSION = YES;
				CLANG_WARN_COMMA = YES;
				CLANG_WARN_CONSTANT_CONVERSION = YES;
				CLANG_WARN_DEPRECATED_OBJC_IMPLEMENTATIONS = YES;
				CLANG_WARN_DIRECT_OBJC_ISA_USAGE = YES_ERROR;
				CLANG_WARN_DOCUMENTATION_COMMENTS = YES;
				CLANG_WARN_EMPTY_BODY = YES;
				CLANG_WARN_ENUM_CONVERSION = YES;
				CLANG_WARN_INFINITE_RECURSION = YES;
				CLANG_WARN_INT_CONVERSION = YES;
				CLANG_WARN_NON_LITERAL_NULL_CONVERSION = YES;
				CLANG_WARN_OBJC_IMPLICIT_RETAIN_SELF = YES;
				CLANG_WARN_OBJC_LITERAL_CONVERSION = YES;
				CLANG_WARN_OBJC_ROOT_CLASS = YES_ERROR;
				CLANG_WARN_QUOTED_INCLUDE_IN_FRAMEWORK_HEADER = YES;
				CLANG_WARN_RANGE_LOOP_ANALYSIS = YES;
				CLANG_WARN_STRICT_PROTOTYPES = YES;
				CLANG_WARN_SUSPICIOUS_MOVE = YES;
				CLANG_WARN_UNGUARDED_AVAILABILITY = YES_AGGRESSIVE;
				CLANG_WARN_UNREACHABLE_CODE = YES;
				CLANG_WARN__DUPLICATE_METHOD_MATCH = YES;
				COPY_PHASE_STRIP = NO;
				DEBUG_INFORMATION_FORMAT = "dwarf-with-dsym";
				ENABLE_NS_ASSERTIONS = NO;
				ENABLE_STRICT_OBJC_MSGSEND = YES;
				ENABLE_USER_SCRIPT_SANDBOXING = YES;
				GCC_C_LANGUAGE_STANDARD = gnu17;
				GCC_NO_COMMON_BLOCKS = YES;
				GCC_WARN_64_TO_32_BIT_CONVERSION = YES;
				GCC_WARN_ABOUT_RETURN_TYPE = YES_ERROR;
				GCC_WARN_UNDECLARED_SELECTOR = YES;
				GCC_WARN_UNINITIALIZED_AUTOS = YES_AGGRESSIVE;
				GCC_WARN_UNUSED_FUNCTION = YES;
				GCC_WARN_UNUSED_VARIABLE = YES;
				IPHONEOS_DEPLOYMENT_TARGET = 18.0;
				LOCALIZATION_PREFERS_STRING_CATALOGS = YES;
				MTL_ENABLE_DEBUG_INFO = NO;
				MTL_FAST_MATH = YES;
				SDKROOT = iphoneos;
				SWIFT_COMPILATION_MODE = wholemodule;
				VALIDATE_PRODUCT = YES;
			};
			name = Release;
		};
		28FE57C62CBA2CE6003BE029 /* Debug */ = {
			isa = XCBuildConfiguration;
			buildSettings = {
				ASSETCATALOG_COMPILER_APPICON_NAME = AppIcon;
				ASSETCATALOG_COMPILER_GLOBAL_ACCENT_COLOR_NAME = AccentColor;
				CODE_SIGN_STYLE = Automatic;
				CURRENT_PROJECT_VERSION = 1;
				DEVELOPMENT_ASSET_PATHS = "\"CaffeineDduk/Preview Content\"";
				DEVELOPMENT_TEAM = M48446ADTD;
				ENABLE_PREVIEWS = YES;
				GENERATE_INFOPLIST_FILE = YES;
				INFOPLIST_KEY_CFBundleDisplayName = "카페인뚝";
				INFOPLIST_KEY_LSApplicationCategoryType = "public.app-category.lifestyle";
				INFOPLIST_KEY_UIApplicationSceneManifest_Generation = YES;
				INFOPLIST_KEY_UIApplicationSupportsIndirectInputEvents = YES;
				INFOPLIST_KEY_UILaunchScreen_Generation = YES;
				INFOPLIST_KEY_UISupportedInterfaceOrientations_iPad = "UIInterfaceOrientationPortrait UIInterfaceOrientationPortraitUpsideDown UIInterfaceOrientationLandscapeLeft UIInterfaceOrientationLandscapeRight";
				INFOPLIST_KEY_UISupportedInterfaceOrientations_iPhone = "UIInterfaceOrientationPortrait UIInterfaceOrientationLandscapeLeft UIInterfaceOrientationLandscapeRight";
				LD_RUNPATH_SEARCH_PATHS = (
					"$(inherited)",
					"@executable_path/Frameworks",
				);
				MARKETING_VERSION = 1.0;
				PRODUCT_BUNDLE_IDENTIFIER = com.maengjj.CaffeineDduk;
				PRODUCT_NAME = "$(TARGET_NAME)";
				SWIFT_EMIT_LOC_STRINGS = YES;
				SWIFT_VERSION = 5.0;
				TARGETED_DEVICE_FAMILY = "1,2";
			};
			name = Debug;
		};
		28FE57C72CBA2CE6003BE029 /* Release */ = {
			isa = XCBuildConfiguration;
			buildSettings = {
				ASSETCATALOG_COMPILER_APPICON_NAME = AppIcon;
				ASSETCATALOG_COMPILER_GLOBAL_ACCENT_COLOR_NAME = AccentColor;
				CODE_SIGN_STYLE = Automatic;
				CURRENT_PROJECT_VERSION = 1;
				DEVELOPMENT_ASSET_PATHS = "\"CaffeineDduk/Preview Content\"";
				DEVELOPMENT_TEAM = M48446ADTD;
				ENABLE_PREVIEWS = YES;
				GENERATE_INFOPLIST_FILE = YES;
				INFOPLIST_KEY_CFBundleDisplayName = "카페인뚝";
				INFOPLIST_KEY_LSApplicationCategoryType = "public.app-category.lifestyle";
				INFOPLIST_KEY_UIApplicationSceneManifest_Generation = YES;
				INFOPLIST_KEY_UIApplicationSupportsIndirectInputEvents = YES;
				INFOPLIST_KEY_UILaunchScreen_Generation = YES;
				INFOPLIST_KEY_UISupportedInterfaceOrientations_iPad = "UIInterfaceOrientationPortrait UIInterfaceOrientationPortraitUpsideDown UIInterfaceOrientationLandscapeLeft UIInterfaceOrientationLandscapeRight";
				INFOPLIST_KEY_UISupportedInterfaceOrientations_iPhone = "UIInterfaceOrientationPortrait UIInterfaceOrientationLandscapeLeft UIInterfaceOrientationLandscapeRight";
				LD_RUNPATH_SEARCH_PATHS = (
					"$(inherited)",
					"@executable_path/Frameworks",
				);
				MARKETING_VERSION = 1.0;
				PRODUCT_BUNDLE_IDENTIFIER = com.maengjj.CaffeineDduk;
				PRODUCT_NAME = "$(TARGET_NAME)";
				SWIFT_EMIT_LOC_STRINGS = YES;
				SWIFT_VERSION = 5.0;
				TARGETED_DEVICE_FAMILY = "1,2";
			};
			name = Release;
		};
		28FE57C92CBA2CE6003BE029 /* Debug */ = {
			isa = XCBuildConfiguration;
			buildSettings = {
				BUNDLE_LOADER = "$(TEST_HOST)";
				CODE_SIGN_STYLE = Automatic;
				CURRENT_PROJECT_VERSION = 1;
				DEVELOPMENT_TEAM = M48446ADTD;
				GENERATE_INFOPLIST_FILE = YES;
				IPHONEOS_DEPLOYMENT_TARGET = 18.0;
				MARKETING_VERSION = 1.0;
				PRODUCT_BUNDLE_IDENTIFIER = com.maengjj.CaffeineDdukTests;
				PRODUCT_NAME = "$(TARGET_NAME)";
				SWIFT_EMIT_LOC_STRINGS = NO;
				SWIFT_VERSION = 5.0;
				TARGETED_DEVICE_FAMILY = "1,2";
				TEST_HOST = "$(BUILT_PRODUCTS_DIR)/CaffeineDduk.app/$(BUNDLE_EXECUTABLE_FOLDER_PATH)/CaffeineDduk";
			};
			name = Debug;
		};
		28FE57CA2CBA2CE6003BE029 /* Release */ = {
			isa = XCBuildConfiguration;
			buildSettings = {
				BUNDLE_LOADER = "$(TEST_HOST)";
				CODE_SIGN_STYLE = Automatic;
				CURRENT_PROJECT_VERSION = 1;
				DEVELOPMENT_TEAM = M48446ADTD;
				GENERATE_INFOPLIST_FILE = YES;
				IPHONEOS_DEPLOYMENT_TARGET = 18.0;
				MARKETING_VERSION = 1.0;
				PRODUCT_BUNDLE_IDENTIFIER = com.maengjj.CaffeineDdukTests;
				PRODUCT_NAME = "$(TARGET_NAME)";
				SWIFT_EMIT_LOC_STRINGS = NO;
				SWIFT_VERSION = 5.0;
				TARGETED_DEVICE_FAMILY = "1,2";
				TEST_HOST = "$(BUILT_PRODUCTS_DIR)/CaffeineDduk.app/$(BUNDLE_EXECUTABLE_FOLDER_PATH)/CaffeineDduk";
			};
			name = Release;
		};
		28FE57CC2CBA2CE6003BE029 /* Debug */ = {
			isa = XCBuildConfiguration;
			buildSettings = {
				CODE_SIGN_STYLE = Automatic;
				CURRENT_PROJECT_VERSION = 1;
				DEVELOPMENT_TEAM = M48446ADTD;
				GENERATE_INFOPLIST_FILE = YES;
				MARKETING_VERSION = 1.0;
				PRODUCT_BUNDLE_IDENTIFIER = com.maengjj.CaffeineDdukUITests;
				PRODUCT_NAME = "$(TARGET_NAME)";
				SWIFT_EMIT_LOC_STRINGS = NO;
				SWIFT_VERSION = 5.0;
				TARGETED_DEVICE_FAMILY = "1,2";
				TEST_TARGET_NAME = CaffeineDduk;
			};
			name = Debug;
		};
		28FE57CD2CBA2CE6003BE029 /* Release */ = {
			isa = XCBuildConfiguration;
			buildSettings = {
				CODE_SIGN_STYLE = Automatic;
				CURRENT_PROJECT_VERSION = 1;
				DEVELOPMENT_TEAM = M48446ADTD;
				GENERATE_INFOPLIST_FILE = YES;
				MARKETING_VERSION = 1.0;
				PRODUCT_BUNDLE_IDENTIFIER = com.maengjj.CaffeineDdukUITests;
				PRODUCT_NAME = "$(TARGET_NAME)";
				SWIFT_EMIT_LOC_STRINGS = NO;
				SWIFT_VERSION = 5.0;
				TARGETED_DEVICE_FAMILY = "1,2";
				TEST_TARGET_NAME = CaffeineDduk;
			};
			name = Release;
		};
/* End XCBuildConfiguration section */

/* Begin XCConfigurationList section */
		28FE579C2CBA2CE5003BE029 /* Build configuration list for PBXProject "CaffeineDduk" */ = {
			isa = XCConfigurationList;
			buildConfigurations = (
				28FE57C32CBA2CE6003BE029 /* Debug */,
				28FE57C42CBA2CE6003BE029 /* Release */,
			);
			defaultConfigurationIsVisible = 0;
			defaultConfigurationName = Release;
		};
		28FE57C52CBA2CE6003BE029 /* Build configuration list for PBXNativeTarget "CaffeineDduk" */ = {
			isa = XCConfigurationList;
			buildConfigurations = (
				28FE57C62CBA2CE6003BE029 /* Debug */,
				28FE57C72CBA2CE6003BE029 /* Release */,
			);
			defaultConfigurationIsVisible = 0;
			defaultConfigurationName = Release;
		};
		28FE57C82CBA2CE6003BE029 /* Build configuration list for PBXNativeTarget "CaffeineDdukTests" */ = {
			isa = XCConfigurationList;
			buildConfigurations = (
				28FE57C92CBA2CE6003BE029 /* Debug */,
				28FE57CA2CBA2CE6003BE029 /* Release */,
			);
			defaultConfigurationIsVisible = 0;
			defaultConfigurationName = Release;
		};
		28FE57CB2CBA2CE6003BE029 /* Build configuration list for PBXNativeTarget "CaffeineDdukUITests" */ = {
			isa = XCConfigurationList;
			buildConfigurations = (
				28FE57CC2CBA2CE6003BE029 /* Debug */,
				28FE57CD2CBA2CE6003BE029 /* Release */,
			);
			defaultConfigurationIsVisible = 0;
			defaultConfigurationName = Release;
		};
/* End XCConfigurationList section */
	};
	rootObject = 28FE57992CBA2CE5003BE029 /* Project object */;
}
